version: 6
environments:
  default:
    channels:
    - url: https://conda.anaconda.org/conda-forge/
    indexes:
    - https://pypi.org/simple
    packages:
      osx-arm64:
      - conda: https://conda.anaconda.org/conda-forge/osx-arm64/bzip2-1.0.8-hd037594_9.conda
      - conda: https://conda.anaconda.org/conda-forge/noarch/ca-certificates-2026.2.25-hbd8a1cb_0.conda
      - conda: https://conda.anaconda.org/conda-forge/osx-arm64/icu-78.2-hef89b57_0.conda
      - conda: https://conda.anaconda.org/conda-forge/osx-arm64/libexpat-2.7.4-hf6b4638_0.conda
      - conda: https://conda.anaconda.org/conda-forge/osx-arm64/libffi-3.5.2-hcf2aa1b_0.conda
      - conda: https://conda.anaconda.org/conda-forge/osx-arm64/liblzma-5.8.2-h8088a28_0.conda
      - conda: https://conda.anaconda.org/conda-forge/osx-arm64/libmpdec-4.0.0-h84a0fba_1.conda
      - conda: https://conda.anaconda.org/conda-forge/osx-arm64/libsqlite-3.51.2-h1ae2325_0.conda
      - conda: https://conda.anaconda.org/conda-forge/osx-arm64/libzlib-1.3.1-h8359307_2.conda
      - conda: https://conda.anaconda.org/conda-forge/osx-arm64/ncurses-6.5-h5e97a16_3.conda
      - conda: https://conda.anaconda.org/conda-forge/osx-arm64/openssl-3.6.1-hd24854e_1.conda
      - conda: https://conda.anaconda.org/conda-forge/osx-arm64/python-3.14.3-h4c637c5_101_cp314.conda
      - conda: https://conda.anaconda.org/conda-forge/noarch/python_abi-3.14-8_cp314.conda
      - conda: https://conda.anaconda.org/conda-forge/osx-arm64/readline-8.3-h46df422_0.conda
      - conda: https://conda.anaconda.org/conda-forge/osx-arm64/tk-8.6.13-h010d191_3.conda
      - conda: https://conda.anaconda.org/conda-forge/noarch/tzdata-2025c-hc9c84f9_1.conda
      - conda: https://conda.anaconda.org/conda-forge/osx-arm64/zstd-1.5.7-hbf9d68e_6.conda
      - pypi: https://files.pythonhosted.org/packages/4d/a9/1eed4db92d0aec2f9bfdf1faae0ab0418b5e121dda5701f118a7a4f0cd6a/faker-40.5.1-py3-none-any.whl
      - pypi: https://files.pythonhosted.org/packages/25/7a/1fee4329abc705a469a4afe6e69b1ef7e915117747886327104a8493a955/numpy-2.4.2-cp314-cp314-macosx_11_0_arm64.whl
      - pypi: https://files.pythonhosted.org/packages/72/3a/5b39b51c64159f470f1ca3b1c2a87da290657ca022f7cd11442606f607d1/pandas-3.0.1-cp314-cp314-macosx_11_0_arm64.whl
      - pypi: https://files.pythonhosted.org/packages/7c/a9/9d55c614a891288f15ca4b5209b09f0f01e3124056924e17b81b9fa054cc/psycopg2_binary-2.9.11-cp314-cp314-macosx_11_0_arm64.whl
      - pypi: https://files.pythonhosted.org/packages/ec/57/56b9bcc3c9c6a792fcbaf139543cee77261f3651ca9da0c93f5c1221264b/python_dateutil-2.9.0.post0-py2.py3-none-any.whl
      - pypi: https://files.pythonhosted.org/packages/b7/ce/149a00dd41f10bc29e5921b496af8b574d8413afcd5e30dfa0ed46c2cc5e/six-1.17.0-py2.py3-none-any.whl
      - pypi: ./
packages:
- conda: https://conda.anaconda.org/conda-forge/osx-arm64/bzip2-1.0.8-hd037594_9.conda
  sha256: 540fe54be35fac0c17feefbdc3e29725cce05d7367ffedfaaa1bdda234b019df
  md5: 620b85a3f45526a8bc4d23fd78fc22f0
  depends:
  - __osx >=11.0
  license: bzip2-1.0.6
  license_family: BSD
  purls: []
  size: 124834
  timestamp: 1771350416561
- conda: https://conda.anaconda.org/conda-forge/noarch/ca-certificates-2026.2.25-hbd8a1cb_0.conda
  sha256: 67cc7101b36421c5913a1687ef1b99f85b5d6868da3abbf6ec1a4181e79782fc
  md5: 4492fd26db29495f0ba23f146cd5638d
  depends:
  - __unix
  license: ISC
  purls: []
  size: 147413
  timestamp: 1772006283803
- pypi: ./
  name: doc-sql-audit
  version: 0.1.0
  sha256: 22bbf22371c10177de5a98afa11994396c0723ae92b83983ed09ed2021df7c76
  requires_dist:
  - psycopg2-binary>=2.9.11,<3
  - faker>=40.5.1,<41
  - numpy>=2.4.2,<3
  - pandas>=3.0.1,<4
  requires_python: '>=3.11'
  editable: true
- pypi: https://files.pythonhosted.org/packages/4d/a9/1eed4db92d0aec2f9bfdf1faae0ab0418b5e121dda5701f118a7a4f0cd6a/faker-40.5.1-py3-none-any.whl
  name: faker
  version: 40.5.1
  sha256: c69640c1e13bad49b4bcebcbf1b52f9f1a872b6ea186c248ada34d798f1661bf
  requires_dist:
  - tzdata ; sys_platform == 'win32'
  - tzdata ; extra == 'tzdata'
  requires_python: '>=3.10'
- conda: https://conda.anaconda.org/conda-forge/osx-arm64/icu-78.2-hef89b57_0.conda
  sha256: 24bc62335106c30fecbcc1dba62c5eba06d18b90ea1061abd111af7b9c89c2d7
  md5: 114e6bfe7c5ad2525eb3597acdbf2300
  depends:
  - __osx >=11.0
  license: MIT
  license_family: MIT
  purls: []
  size: 12389400
  timestamp: 1772209104304
- conda: https://conda.anaconda.org/conda-forge/osx-arm64/libexpat-2.7.4-hf6b4638_0.conda
  sha256: 03887d8080d6a8fe02d75b80929271b39697ecca7628f0657d7afaea87761edf
  md5: a92e310ae8dfc206ff449f362fc4217f
  depends:
  - __osx >=11.0
  constrains:
  - expat 2.7.4.*
  license: MIT
  license_family: MIT
  purls: []
  size: 68199
  timestamp: 1771260020767
- conda: https://conda.anaconda.org/conda-forge/osx-arm64/libffi-3.5.2-hcf2aa1b_0.conda
  sha256: 6686a26466a527585e6a75cc2a242bf4a3d97d6d6c86424a441677917f28bec7
  md5: 43c04d9cb46ef176bb2a4c77e324d599
  depends:
  - __osx >=11.0
  license: MIT
  license_family: MIT
  purls: []
  size: 40979
  timestamp: 1769456747661
- conda: https://conda.anaconda.org/conda-forge/osx-arm64/liblzma-5.8.2-h8088a28_0.conda
  sha256: 7bfc7ffb2d6a9629357a70d4eadeadb6f88fa26ebc28f606b1c1e5e5ed99dc7e
  md5: 009f0d956d7bfb00de86901d16e486c7
  depends:
  - __osx >=11.0
  constrains:
  - xz 5.8.2.*
  license: 0BSD
  purls: []
  size: 92242
  timestamp: 1768752982486
- conda: https://conda.anaconda.org/conda-forge/osx-arm64/libmpdec-4.0.0-h84a0fba_1.conda
  sha256: 1089c7f15d5b62c622625ec6700732ece83be8b705da8c6607f4dabb0c4bd6d2
  md5: 57c4be259f5e0b99a5983799a228ae55
  depends:
  - __osx >=11.0
  license: BSD-2-Clause
  license_family: BSD
  purls: []
  size: 73690
  timestamp: 1769482560514
- conda: https://conda.anaconda.org/conda-forge/osx-arm64/libsqlite-3.51.2-h1ae2325_0.conda
  sha256: 6e9b9f269732cbc4698c7984aa5b9682c168e2a8d1e0406e1ff10091ca046167
  md5: 4b0bf313c53c3e89692f020fb55d5f2c
  depends:
  - __osx >=11.0
  - icu >=78.2,<79.0a0
  - libzlib >=1.3.1,<2.0a0
  license: blessing
  purls: []
  size: 909777
  timestamp: 1768148320535
- conda: https://conda.anaconda.org/conda-forge/osx-arm64/libzlib-1.3.1-h8359307_2.conda
  sha256: ce34669eadaba351cd54910743e6a2261b67009624dbc7daeeafdef93616711b
  md5: 369964e85dc26bfe78f41399b366c435
  depends:
  - __osx >=11.0
  constrains:
  - zlib 1.3.1 *_2
  license: Zlib
  license_family: Other
  purls: []
  size: 46438
  timestamp: 1727963202283
- conda: https://conda.anaconda.org/conda-forge/osx-arm64/ncurses-6.5-h5e97a16_3.conda
  sha256: 2827ada40e8d9ca69a153a45f7fd14f32b2ead7045d3bbb5d10964898fe65733
  md5: 068d497125e4bf8a66bf707254fff5ae
  depends:
  - __osx >=11.0
  license: X11 AND BSD-3-Clause
  purls: []
  size: 797030
  timestamp: 1738196177597
- pypi: https://files.pythonhosted.org/packages/25/7a/1fee4329abc705a469a4afe6e69b1ef7e915117747886327104a8493a955/numpy-2.4.2-cp314-cp314-macosx_11_0_arm64.whl
  name: numpy
  version: 2.4.2
  sha256: d1240d50adff70c2a88217698ca844723068533f3f5c5fa6ee2e3220e3bdb000
  requires_python: '>=3.11'
- conda: https://conda.anaconda.org/conda-forge/osx-arm64/openssl-3.6.1-hd24854e_1.conda
  sha256: 361f5c5e60052abc12bdd1b50d7a1a43e6a6653aab99a2263bf2288d709dcf67
  md5: f4f6ad63f98f64191c3e77c5f5f29d76
  depends:
  - __osx >=11.0
  - ca-certificates
  license: Apache-2.0
  license_family: Apache
  purls: []
  size: 3104268
  timestamp: 1769556384749
- pypi: https://files.pythonhosted.org/packages/72/3a/5b39b51c64159f470f1ca3b1c2a87da290657ca022f7cd11442606f607d1/pandas-3.0.1-cp314-cp314-macosx_11_0_arm64.whl
  name: pandas
  version: 3.0.1
  sha256: 3b66857e983208654294bb6477b8a63dee26b37bdd0eb34d010556e91261784f
  requires_dist:
  - numpy>=1.26.0 ; python_full_version < '3.14'
  - numpy>=2.3.3 ; python_full_version >= '3.14'
  - python-dateutil>=2.8.2
  - tzdata ; sys_platform == 'win32'
  - tzdata ; sys_platform == 'emscripten'
  - hypothesis>=6.116.0 ; extra == 'test'
  - pytest>=8.3.4 ; extra == 'test'
  - pytest-xdist>=3.6.1 ; extra == 'test'
  - pyarrow>=13.0.0 ; extra == 'pyarrow'
  - bottleneck>=1.4.2 ; extra == 'performance'
  - numba>=0.60.0 ; extra == 'performance'
  - numexpr>=2.10.2 ; extra == 'performance'
  - scipy>=1.14.1 ; extra == 'computation'
  - xarray>=2024.10.0 ; extra == 'computation'
  - fsspec>=2024.10.0 ; extra == 'fss'
  - s3fs>=2024.10.0 ; extra == 'aws'
  - gcsfs>=2024.10.0 ; extra == 'gcp'
  - odfpy>=1.4.1 ; extra == 'excel'
  - openpyxl>=3.1.5 ; extra == 'excel'
  - python-calamine>=0.3.0 ; extra == 'excel'
  - pyxlsb>=1.0.10 ; extra == 'excel'
  - xlrd>=2.0.1 ; extra == 'excel'
  - xlsxwriter>=3.2.0 ; extra == 'excel'
  - pyarrow>=13.0.0 ; extra == 'parquet'
  - pyarrow>=13.0.0 ; extra == 'feather'
  - pyiceberg>=0.8.1 ; extra == 'iceberg'
  - tables>=3.10.1 ; extra == 'hdf5'
  - pyreadstat>=1.2.8 ; extra == 'spss'
  - sqlalchemy>=2.0.36 ; extra == 'postgresql'
  - psycopg2>=2.9.10 ; extra == 'postgresql'
  - adbc-driver-postgresql>=1.2.0 ; extra == 'postgresql'
  - sqlalchemy>=2.0.36 ; extra == 'mysql'
  - pymysql>=1.1.1 ; extra == 'mysql'
  - sqlalchemy>=2.0.36 ; extra == 'sql-other'
  - adbc-driver-postgresql>=1.2.0 ; extra == 'sql-other'
  - adbc-driver-sqlite>=1.2.0 ; extra == 'sql-other'
  - beautifulsoup4>=4.12.3 ; extra == 'html'
  - html5lib>=1.1 ; extra == 'html'
  - lxml>=5.3.0 ; extra == 'html'
  - lxml>=5.3.0 ; extra == 'xml'
  - matplotlib>=3.9.3 ; extra == 'plot'
  - jinja2>=3.1.5 ; extra == 'output-formatting'
  - tabulate>=0.9.0 ; extra == 'output-formatting'
  - pyqt5>=5.15.9 ; extra == 'clipboard'
  - qtpy>=2.4.2 ; extra == 'clipboard'
  - zstandard>=0.23.0 ; extra == 'compression'
  - pytz>=2024.2 ; extra == 'timezone'
  - adbc-driver-postgresql>=1.2.0 ; extra == 'all'
  - adbc-driver-sqlite>=1.2.0 ; extra == 'all'
  - beautifulsoup4>=4.12.3 ; extra == 'all'
  - bottleneck>=1.4.2 ; extra == 'all'
  - fastparquet>=2024.11.0 ; extra == 'all'
  - fsspec>=2024.10.0 ; extra == 'all'
  - gcsfs>=2024.10.0 ; extra == 'all'
  - html5lib>=1.1 ; extra == 'all'
  - hypothesis>=6.116.0 ; extra == 'all'
  - jinja2>=3.1.5 ; extra == 'all'
  - lxml>=5.3.0 ; extra == 'all'
  - matplotlib>=3.9.3 ; extra == 'all'
  - numba>=0.60.0 ; extra == 'all'
  - numexpr>=2.10.2 ; extra == 'all'
  - odfpy>=1.4.1 ; extra == 'all'
  - openpyxl>=3.1.5 ; extra == 'all'
  - psycopg2>=2.9.10 ; extra == 'all'
  - pyarrow>=13.0.0 ; extra == 'all'
  - pyiceberg>=0.8.1 ; extra == 'all'
  - pymysql>=1.1.1 ; extra == 'all'
  - pyqt5>=5.15.9 ; extra == 'all'
  - pyreadstat>=1.2.8 ; extra == 'all'
  - pytest>=8.3.4 ; extra == 'all'
  - pytest-xdist>=3.6.1 ; extra == 'all'
  - python-calamine>=0.3.0 ; extra == 'all'
  - pytz>=2024.2 ; extra == 'all'
  - pyxlsb>=1.0.10 ; extra == 'all'
  - qtpy>=2.4.2 ; extra == 'all'
  - scipy>=1.14.1 ; extra == 'all'
  - s3fs>=2024.10.0 ; extra == 'all'
  - sqlalchemy>=2.0.36 ; extra == 'all'
  - tables>=3.10.1 ; extra == 'all'
  - tabulate>=0.9.0 ; extra == 'all'
  - xarray>=2024.10.0 ; extra == 'all'
  - xlrd>=2.0.1 ; extra == 'all'
  - xlsxwriter>=3.2.0 ; extra == 'all'
  - zstandard>=0.23.0 ; extra == 'all'
  requires_python: '>=3.11'
- pypi: https://files.pythonhosted.org/packages/7c/a9/9d55c614a891288f15ca4b5209b09f0f01e3124056924e17b81b9fa054cc/psycopg2_binary-2.9.11-cp314-cp314-macosx_11_0_arm64.whl
  name: psycopg2-binary
  version: 2.9.11
  sha256: e0deeb03da539fa3577fcb0b3f2554a97f7e5477c246098dbb18091a4a01c16f
  requires_python: '>=3.9'
- conda: https://conda.anaconda.org/conda-forge/osx-arm64/python-3.14.3-h4c637c5_101_cp314.conda
  build_number: 101
  sha256: fccce2af62d11328d232df9f6bbf63464fd45f81f718c661757f9c628c4378ce
  md5: 753c8d0447677acb7ddbcc6e03e82661
  depends:
  - __osx >=11.0
  - bzip2 >=1.0.8,<2.0a0
  - libexpat >=2.7.3,<3.0a0
  - libffi >=3.5.2,<3.6.0a0
  - liblzma >=5.8.2,<6.0a0
  - libmpdec >=4.0.0,<5.0a0
  - libsqlite >=3.51.2,<4.0a0
  - libzlib >=1.3.1,<2.0a0
  - ncurses >=6.5,<7.0a0
  - openssl >=3.5.5,<4.0a0
  - python_abi 3.14.* *_cp314
  - readline >=8.3,<9.0a0
  - tk >=8.6.13,<8.7.0a0
  - tzdata
  - zstd >=1.5.7,<1.6.0a0
  license: Python-2.0
  purls: []
  size: 13522698
  timestamp: 1770675365241
  python_site_packages_path: lib/python3.14/site-packages
- pypi: https://files.pythonhosted.org/packages/ec/57/56b9bcc3c9c6a792fcbaf139543cee77261f3651ca9da0c93f5c1221264b/python_dateutil-2.9.0.post0-py2.py3-none-any.whl
  name: python-dateutil
  version: 2.9.0.post0
  sha256: a8b2bc7bffae282281c8140a97d3aa9c14da0b136dfe83f850eea9a5f7470427
  requires_dist:
  - six>=1.5
  requires_python: '>=2.7,!=3.0.*,!=3.1.*,!=3.2.*'
- conda: https://conda.anaconda.org/conda-forge/noarch/python_abi-3.14-8_cp314.conda
  build_number: 8
  sha256: ad6d2e9ac39751cc0529dd1566a26751a0bf2542adb0c232533d32e176e21db5
  md5: 0539938c55b6b1a59b560e843ad864a4
  constrains:
  - python 3.14.* *_cp314
  license: BSD-3-Clause
  license_family: BSD
  purls: []
  size: 6989
  timestamp: 1752805904792
- conda: https://conda.anaconda.org/conda-forge/osx-arm64/readline-8.3-h46df422_0.conda
  sha256: a77010528efb4b548ac2a4484eaf7e1c3907f2aec86123ed9c5212ae44502477
  md5: f8381319127120ce51e081dce4865cf4
  depends:
  - __osx >=11.0
  - ncurses >=6.5,<7.0a0
  license: GPL-3.0-only
  license_family: GPL
  purls: []
  size: 313930
  timestamp: 1765813902568
- pypi: https://files.pythonhosted.org/packages/b7/ce/149a00dd41f10bc29e5921b496af8b574d8413afcd5e30dfa0ed46c2cc5e/six-1.17.0-py2.py3-none-any.whl
  name: six
  version: 1.17.0
  sha256: 4721f391ed90541fddacab5acf947aa0d3dc7d27b2e1e8eda2be8970586c3274
  requires_python: '>=2.7,!=3.0.*,!=3.1.*,!=3.2.*'
- conda: https://conda.anaconda.org/conda-forge/osx-arm64/tk-8.6.13-h010d191_3.conda
  sha256: 799cab4b6cde62f91f750149995d149bc9db525ec12595e8a1d91b9317f038b3
  md5: a9d86bc62f39b94c4661716624eb21b0
  depends:
  - __osx >=11.0
  - libzlib >=1.3.1,<2.0a0
  license: TCL
  license_family: BSD
  purls: []
  size: 3127137
  timestamp: 1769460817696
- conda: https://conda.anaconda.org/conda-forge/noarch/tzdata-2025c-hc9c84f9_1.conda
  sha256: 1d30098909076af33a35017eed6f2953af1c769e273a0626a04722ac4acaba3c
  md5: ad659d0a2b3e47e38d829aa8cad2d610
  license: LicenseRef-Public-Domain
  purls: []
  size: 119135
  timestamp: 1767016325805
- conda: https://conda.anaconda.org/conda-forge/osx-arm64/zstd-1.5.7-hbf9d68e_6.conda
  sha256: 9485ba49e8f47d2b597dd399e88f4802e100851b27c21d7525625b0b4025a5d9
  md5: ab136e4c34e97f34fb621d2592a393d8
  depends:
  - __osx >=11.0
  - libzlib >=1.3.1,<2.0a0
  license: BSD-3-Clause
  license_family: BSD
  purls: []
  size: 433413
  timestamp: 1764777166076
